// !$*UTF8*$!
{
	archiveVersion = 1;
	classes = {
	};
	objectVersion = 46;
	objects = {

/* Begin PBXBuildFile section */
		4AA3C5D61D5E110100A37641 /* AppDelegate.swift in Sources */ = {isa = PBXBuildFile; fileRef = 4AA3C5D51D5E110100A37641 /* AppDelegate.swift */; };
		4AA3C5D81D5E110100A37641 /* ViewController.swift in Sources */ = {isa = PBXBuildFile; fileRef = 4AA3C5D71D5E110100A37641 /* ViewController.swift */; };
		4AA3C5DB1D5E110100A37641 /* Main.storyboard in Resources */ = {isa = PBXBuildFile; fileRef = 4AA3C5D91D5E110100A37641 /* Main.storyboard */; };
		4AA3C5DD1D5E110100A37641 /* Assets.xcassets in Resources */ = {isa = PBXBuildFile; fileRef = 4AA3C5DC1D5E110100A37641 /* Assets.xcassets */; };
		4AA3C5E01D5E110100A37641 /* LaunchScreen.storyboard in Resources */ = {isa = PBXBuildFile; fileRef = 4AA3C5DE1D5E110100A37641 /* LaunchScreen.storyboard */; };
		4AA3C5E91D5E110E00A37641 /* CoreLocation.framework in Frameworks */ = {isa = PBXBuildFile; fileRef = 4AA3C5E81D5E110E00A37641 /* CoreLocation.framework */; };
		4AA3C5EB1D5E114000A37641 /* LocationService.swift in Sources */ = {isa = PBXBuildFile; fileRef = 4AA3C5EA1D5E114000A37641 /* LocationService.swift */; };
/* End PBXBuildFile section */

/* Begin PBXFileReference section */
		4AA3C5D21D5E110100A37641 /* LocationStarterKit.app */ = {isa = PBXFileReference; explicitFileType = wrapper.application; includeInIndex = 0; path = LocationStarterKit.app; sourceTree = BUILT_PRODUCTS_DIR; };
		4AA3C5D51D5E110100A37641 /* AppDelegate.swift */ = {isa = PBXFileReference; lastKnownFileType = sourcecode.swift; path = AppDelegate.swift; sourceTree = "<group>"; };
		4AA3C5D71D5E110100A37641 /* ViewController.swift */ = {isa = PBXFileReference; lastKnownFileType = sourcecode.swift; path = ViewController.swift; sourceTree = "<group>"; };
		4AA3C5DA1D5E110100A37641 /* Base */ = {isa = PBXFileReference; lastKnownFileType = file.storyboard; name = Base; path = Base.lproj/Main.storyboard; sourceTree = "<group>"; };
		4AA3C5DC1D5E110100A37641 /* Assets.xcassets */ = {isa = PBXFileReference; lastKnownFileType = folder.assetcatalog; path = Assets.xcassets; sourceTree = "<group>"; };
		4AA3C5DF1D5E110100A37641 /* Base */ = {isa = PBXFileReference; lastKnownFileType = file.storyboard; name = Base; path = Base.lproj/LaunchScreen.storyboard; sourceTree = "<group>"; };
		4AA3C5E11D5E110100A37641 /* Info.plist */ = {isa = PBXFileReference; lastKnownFileType = text.plist.xml; path = Info.plist; sourceTree = "<group>"; };
		4AA3C5E81D5E110E00A37641 /* CoreLocation.framework */ = {isa = PBXFileReference; lastKnownFileType = wrapper.framework; name = CoreLocation.framework; path = System/Library/Frameworks/CoreLocation.framework; sourceTree = SDKROOT; };
		4AA3C5EA1D5E114000A37641 /* LocationService.swift */ = {isa = PBXFileReference; fileEncoding = 4; lastKnownFileType = sourcecode.swift; path = LocationService.swift; sourceTree = "<group>"; };
/* End PBXFileReference section */

/* Begin PBXFrameworksBuildPhase section */
		4AA3C5CF1D5E110100A37641 /* Frameworks */ = {
			isa = PBXFrameworksBuildPhase;
			buildActionMask = 2147483647;
			files = (
				4AA3C5E91D5E110E00A37641 /* CoreLocation.framework in Frameworks */,
			);
			runOnlyForDeploymentPostprocessing = 0;
		};
/* End PBXFrameworksBuildPhase section */

/* Begin PBXGroup section */
		4AA3C5C91D5E110100A37641 = {
			isa = PBXGroup;
			children = (
				4AA3C5D41D5E110100A37641 /* LocationStarterKit */,
				4AA3C5D31D5E110100A37641 /* Products */,
				4AA3C5E71D5E110E00A37641 /* Frameworks */,
			);
			sourceTree = "<group>";
		};
		4AA3C5D31D5E110100A37641 /* Products */ = {
			isa = PBXGroup;
			children = (
				4AA3C5D21D5E110100A37641 /* LocationStarterKit.app */,
			);
			name = Products;
			sourceTree = "<group>";
		};
		4AA3C5D41D5E110100A37641 /* LocationStarterKit */ = {
			isa = PBXGroup;
			children = (
				4AA3C5D51D5E110100A37641 /* AppDelegate.swift */,
				4AA3C5D71D5E110100A37641 /* ViewController.swift */,
				4AA3C5D91D5E110100A37641 /* Main.storyboard */,
				4AA3C5DC1D5E110100A37641 /* Assets.xcassets */,
				4AA3C5DE1D5E110100A37641 /* LaunchScreen.storyboard */,
				4AA3C5E11D5E110100A37641 /* Info.plist */,
				4AA3C5EA1D5E114000A37641 /* LocationService.swift */,
			);
			path = LocationStarterKit;
			sourceTree = "<group>";
		};
		4AA3C5E71D5E110E00A37641 /* Frameworks */ = {
			isa = PBXGroup;
			children = (
				4AA3C5E81D5E110E00A37641 /* CoreLocation.framework */,
			);
			name = Frameworks;
			sourceTree = "<group>";
		};
/* End PBXGroup section */

/* Begin PBXNativeTarget section */
		4AA3C5D11D5E110100A37641 /* LocationStarterKit */ = {
			isa = PBXNativeTarget;
			buildConfigurationList = 4AA3C5E41D5E110100A37641 /* Build configuration list for PBXNativeTarget "LocationStarterKit" */;
			buildPhases = (
				4AA3C5CE1D5E110100A37641 /* Sources */,
				4AA3C5CF1D5E110100A37641 /* Frameworks */,
				4AA3C5D01D5E110100A37641 /* Resources */,
			);
			buildRules = (
			);
			dependencies = (
			);
			name = LocationStarterKit;
			productName = LocationStarterKit;
			productReference = 4AA3C5D21D5E110100A37641 /* LocationStarterKit.app */;
			productType = "com.apple.product-type.application";
		};
/* End PBXNativeTarget section */

/* Begin PBXProject section */
		4AA3C5CA1D5E110100A37641 /* Project object */ = {
			isa = PBXProject;
			attributes = {
				LastSwiftUpdateCheck = 0800;
				LastUpgradeCheck = 0800;
				ORGANIZATIONNAME = "Goldrush Computing Inc.";
				TargetAttributes = {
					4AA3C5D11D5E110100A37641 = {
						CreatedOnToolsVersion = 8.0;
						ProvisioningStyle = Automatic;
					};
				};
			};
			buildConfigurationList = 4AA3C5CD1D5E110100A37641 /* Build configuration list for PBXProject "LocationStarterKit" */;
			compatibilityVersion = "Xcode 3.2";
			developmentRegion = English;
			hasScannedForEncodings = 0;
			knownRegions = (
				en,
				Base,
			);
			mainGroup = 4AA3C5C91D5E110100A37641;
			productRefGroup = 4AA3C5D31D5E110100A37641 /* Products */;
			projectDirPath = "";
			projectRoot = "";
			targets = (
				4AA3C5D11D5E110100A37641 /* LocationStarterKit */,
			);
		};
/* End PBXProject section */

/* Begin PBXResourcesBuildPhase section */
		4AA3C5D01D5E110100A37641 /* Resources */ = {
			isa = PBXResourcesBuildPhase;
			buildActionMask = 2147483647;
			files = (
				4AA3C5E01D5E110100A37641 /* LaunchScreen.storyboard in Resources */,
				4AA3C5DD1D5E110100A37641 /* Assets.xcassets in Resources */,
				4AA3C5DB1D5E110100A37641 /* Main.storyboard in Resources */,
			);
			runOnlyForDeploymentPostprocessing = 0;
		};
/* End PBXResourcesBuildPhase section */

/* Begin PBXSourcesBuildPhase section */
		4AA3C5CE1D5E110100A37641 /* Sources */ = {
			isa = PBXSourcesBuildPhase;
			buildActionMask = 2147483647;
			files = (
				4AA3C5D81D5E110100A37641 /* ViewController.swift in Sources */,
				4AA3C5EB1D5E114000A37641 /* LocationService.swift in Sources */,
				4AA3C5D61D5E110100A37641 /* AppDelegate.swift in Sources */,
			);
			runOnlyForDeploymentPostprocessing = 0;
		};
/* End PBXSourcesBuildPhase section */

/* Begin PBXVariantGroup section */
		4AA3C5D91D5E110100A37641 /* Main.storyboard */ = {
			isa = PBXVariantGroup;
			children = (
				4AA3C5DA1D5E110100A37641 /* Base */,
			);
			name = Main.storyboard;
			sourceTree = "<group>";
		};
		4AA3C5DE1D5E110100A37641 /* LaunchScreen.storyboard */ = {
			isa = PBXVariantGroup;
			children = (
				4AA3C5DF1D5E110100A37641 /* Base */,
			);
			name = LaunchScreen.storyboard;
			sourceTree = "<group>";
		};
/* End PBXVariantGroup section */

/* Begin XCBuildConfiguration section */
		4AA3C5E21D5E110100A37641 /* Debug */ = {
			isa = XCBuildConfiguration;
			buildSettings = {
				ALWAYS_SEARCH_USER_PATHS = NO;
				CLANG_ANALYZER_NONNULL = YES;
				CLANG_CXX_LANGUAGE_STANDARD = "gnu++0x";
				CLANG_CXX_LIBRARY = "libc++";
				CLANG_ENABLE_MODULES = YES;
				CLANG_ENABLE_OBJC_ARC = YES;
				CLANG_WARN_BOOL_CONVERSION = YES;
				CLANG_WARN_CONSTANT_CONVERSION = YES;
				CLANG_WARN_DIRECT_OBJC_ISA_USAGE = YES_ERROR;
				CLANG_WARN_DOCUMENTATION_COMMENTS = YES;
				CLANG_WARN_EMPTY_BODY = YES;
				CLANG_WARN_ENUM_CONVERSION = YES;
				CLANG_WARN_INFINITE_RECURSION = YES;
				CLANG_WARN_INT_CONVERSION = YES;
				CLANG_WARN_OBJC_ROOT_CLASS = YES_ERROR;
				CLANG_WARN_SUSPICIOUS_MOVES = YES;
				CLANG_WARN_UNREACHABLE_CODE = YES;
				CLANG_WARN__DUPLICATE_METHOD_MATCH = YES;
				"CODE_SIGN_IDENTITY[sdk=iphoneos*]" = "iPhone Developer";
				COPY_PHASE_STRIP = NO;
				DEBUG_INFORMATION_FORMAT = dwarf;
				ENABLE_STRICT_OBJC_MSGSEND = YES;
				ENABLE_TESTABILITY = YES;
				GCC_C_LANGUAGE_STANDARD = gnu99;
				GCC_DYNAMIC_NO_PIC = NO;
				GCC_NO_COMMON_BLOCKS = YES;
				GCC_OPTIMIZATION_LEVEL = 0;
				GCC_PREPROCESSOR_DEFINITIONS = (
					"DEBUG=1",
					"$(inherited)",
				);
				GCC_WARN_64_TO_32_BIT_CONVERSION = YES;
				GCC_WARN_ABOUT_RETURN_TYPE = YES_ERROR;
				GCC_WARN_UNDECLARED_SELECTOR = YES;
				GCC_WARN_UNINITIALIZED_AUTOS = YES_AGGRESSIVE;
				GCC_WARN_UNUSED_FUNCTION = YES;
				GCC_WARN_UNUSED_VARIABLE = YES;
				IPHONEOS_DEPLOYMENT_TARGET = 10.0;
				MTL_ENABLE_DEBUG_INFO = YES;
				ONLY_ACTIVE_ARCH = YES;
				SDKROOT = iphoneos;
				SWIFT_ACTIVE_COMPILATION_CONDITIONS = DEBUG;
				SWIFT_OPTIMIZATION_LEVEL = "-Onone";
				TARGETED_DEVICE_FAMILY = "1,2";
			};
			name = Debug;
		};
		4AA3C5E31D5E110100A37641 /* Release */ = {
			isa = XCBuildConfiguration;
			buildSettings = {
				ALWAYS_SEARCH_USER_PATHS = NO;
				CLANG_ANALYZER_NONNULL = YES;
				CLANG_CXX_LANGUAGE_STANDARD = "gnu++0x";
				CLANG_CXX_LIBRARY = "libc++";
				CLANG_ENABLE_MODULES = YES;
				CLANG_ENABLE_OBJC_ARC = YES;
				CLANG_WARN_BOOL_CONVERSION = YES;
				CLANG_WARN_CONSTANT_CONVERSION = YES;
				CLANG_WARN_DIRECT_OBJC_ISA_USAGE = YES_ERROR;
				CLANG_WARN_DOCUMENTATION_COMMENTS = YES;
				CLANG_WARN_EMPTY_BODY = YES;
				CLANG_WARN_ENUM_CONVERSION = YES;
				CLANG_WARN_INFINITE_RECURSION = YES;
				CLANG_WARN_INT_CONVERSION = YES;
				CLANG_WARN_OBJC_ROOT_CLASS = YES_ERROR;
				CLANG_WARN_SUSPICIOUS_MOVES = YES;
				CLANG_WARN_UNREACHABLE_CODE = YES;
				CLANG_WARN__DUPLICATE_METHOD_MATCH = YES;
				"CODE_SIGN_IDENTITY[sdk=iphoneos*]" = "iPhone Developer";
				COPY_PHASE_STRIP = NO;
				DEBUG_INFORMATION_FORMAT = "dwarf-with-dsym";
				ENABLE_NS_ASSERTIONS = NO;
				ENABLE_STRICT_OBJC_MSGSEND = YES;
				GCC_C_LANGUAGE_STANDARD = gnu99;
				GCC_NO_COMMON_BLOCKS = YES;
				GCC_WARN_64_TO_32_BIT_CONVERSION = YES;
				GCC_WARN_ABOUT_RETURN_TYPE = YES_ERROR;
				GCC_WARN_UNDECLARED_SELECTOR = YES;
				GCC_WARN_UNINITIALIZED_AUTOS = YES_AGGRESSIVE;
				GCC_WARN_UNUSED_FUNCTION = YES;
				GCC_WARN_UNUSED_VARIABLE = YES;
				IPHONEOS_DEPLOYMENT_TARGET = 10.0;
				MTL_ENABLE_DEBUG_INFO = NO;
				SDKROOT = iphoneos;
				SWIFT_OPTIMIZATION_LEVEL = "-Owholemodule";
				TARGETED_DEVICE_FAMILY = "1,2";
				VALIDATE_PRODUCT = YES;
			};
			name = Release;
		};
		4AA3C5E51D5E110100A37641 /* Debug */ = {
			isa = XCBuildConfiguration;
			buildSettings = {
				ASSETCATALOG_COMPILER_APPICON_NAME = AppIcon;
				INFOPLIST_FILE = LocationStarterKit/Info.plist;
				LD_RUNPATH_SEARCH_PATHS = "$(inherited) @executable_path/Frameworks";
				PRODUCT_BUNDLE_IDENTIFIER = com.goldrushcomputing.LocationStarterKit;
				PRODUCT_NAME = "$(TARGET_NAME)";
				SWIFT_VERSION = 3.0;
			};
			name = Debug;
		};
		4AA3C5E61D5E110100A37641 /* Release */ = {
			isa = XCBuildConfiguration;
			buildSettings = {
				ASSETCATALOG_COMPILER_APPICON_NAME = AppIcon;
				INFOPLIST_FILE = LocationStarterKit/Info.plist;
				LD_RUNPATH_SEARCH_PATHS = "$(inherited) @executable_path/Frameworks";
				PRODUCT_BUNDLE_IDENTIFIER = com.goldrushcomputing.LocationStarterKit;
				PRODUCT_NAME = "$(TARGET_NAME)";
				SWIFT_VERSION = 3.0;
			};
			name = Release;
		};
/* End XCBuildConfiguration section */

/* Begin XCConfigurationList section */
		4AA3C5CD1D5E110100A37641 /* Build configuration list for PBXProject "LocationStarterKit" */ = {
			isa = XCConfigurationList;
			buildConfigurations = (
				4AA3C5E21D5E110100A37641 /* Debug */,
				4AA3C5E31D5E110100A37641 /* Release */,
			);
			defaultConfigurationIsVisible = 0;
			defaultConfigurationName = Release;
		};
		4AA3C5E41D5E110100A37641 /* Build configuration list for PBXNativeTarget "LocationStarterKit" */ = {
			isa = XCConfigurationList;
			buildConfigurations = (
				4AA3C5E51D5E110100A37641 /* Debug */,
				4AA3C5E61D5E110100A37641 /* Release */,
			);
			defaultConfigurationIsVisible = 0;
		};
/* End XCConfigurationList section */
	};
	rootObject = 4AA3C5CA1D5E110100A37641 /* Project object */;
}
